
Microsoft Visual Studio Solution File, Format Version 12.00
# Visual Studio Version 17
VisualStudioVersion = 17.14.36717.8 d17.14
MinimumVisualStudioVersion = 10.0.40219.1
Project("{FAE04EC0-301F-11D3-BF4B-00C04F79EFBC}") = "Demo0704", "Demo0704\Demo0704.csproj", "{F2778A37-8C39-466D-BF9A-A97C61065788}"
EndProject
Global
	GlobalSection(SolutionConfigurationPlatforms) = preSolution
		Debug|Any CPU = Debug|Any CPU
		Release|Any CPU = Release|Any CPU
	EndGlobalSection
	GlobalSection(ProjectConfigurationPlatforms) = postSolution
		{F2778A37-8C39-466D-BF9A-A97C61065788}.Debug|Any CPU.ActiveCfg = Debug|Any CPU
		{F2778A37-8C39-466D-BF9A-A97C61065788}.Debug|Any CPU.Build.0 = Debug|Any CPU
		{F2778A37-8C39-466D-BF9A-A97C61065788}.Release|Any CPU.ActiveCfg = Release|Any CPU
		{F2778A37-8C39-466D-BF9A-A97C61065788}.Release|Any CPU.Build.0 = Release|Any CPU
	EndGlobalSection
	GlobalSection(SolutionProperties) = preSolution
		HideSolutionNode = FALSE
	EndGlobalSection
	GlobalSection(ExtensibilityGlobals) = postSolution
		SolutionGuid = {A13004D2-6C64-429A-B321-8E8A924911B9}
	EndGlobalSection
EndGlobal
